// !$*UTF8*$!
{
	archiveVersion = 1;
	classes = {
	};
	objectVersion = 46;
	objects = {

/* Begin PBXBuildFile section */
		4B1C5EB51CA3A2340011613B /* AppDelegate.swift in Sources */ = {isa = PBXBuildFile; fileRef = 4B1C5EB41CA3A2340011613B /* AppDelegate.swift */; };
		4B1C5EB71CA3A2340011613B /* ViewController.swift in Sources */ = {isa = PBXBuildFile; fileRef = 4B1C5EB61CA3A2340011613B /* ViewController.swift */; };
		4B1C5EBA1CA3A2340011613B /* Main.storyboard in Resources */ = {isa = PBXBuildFile; fileRef = 4B1C5EB81CA3A2340011613B /* Main.storyboard */; };
		4B1C5EBC1CA3A2340011613B /* Assets.xcassets in Resources */ = {isa = PBXBuildFile; fileRef = 4B1C5EBB1CA3A2340011613B /* Assets.xcassets */; };
		4B1C5EBF1CA3A2340011613B /* LaunchScreen.storyboard in Resources */ = {isa = PBXBuildFile; fileRef = 4B1C5EBD1CA3A2340011613B /* LaunchScreen.storyboard */; };
/* End PBXBuildFile section */

/* Begin PBXFileReference section */
		4B1C5EB11CA3A2340011613B /* git-test.app */ = {isa = PBXFileReference; explicitFileType = wrapper.application; includeInIndex = 0; path = "git-test.app"; sourceTree = BUILT_PRODUCTS_DIR; };
		4B1C5EB41CA3A2340011613B /* AppDelegate.swift */ = {isa = PBXFileReference; lastKnownFileType = sourcecode.swift; path = AppDelegate.swift; sourceTree = "<group>"; };
		4B1C5EB61CA3A2340011613B /* ViewController.swift */ = {isa = PBXFileReference; lastKnownFileType = sourcecode.swift; path = ViewController.swift; sourceTree = "<group>"; };
		4B1C5EB91CA3A2340011613B /* Base */ = {isa = PBXFileReference; lastKnownFileType = file.storyboard; name = Base; path = Base.lproj/Main.storyboard; sourceTree = "<group>"; };
		4B1C5EBB1CA3A2340011613B /* Assets.xcassets */ = {isa = PBXFileReference; lastKnownFileType = folder.assetcatalog; path = Assets.xcassets; sourceTree = "<group>"; };
		4B1C5EBE1CA3A2340011613B /* Base */ = {isa = PBXFileReference; lastKnownFileType = file.storyboard; name = Base; path = Base.lproj/LaunchScreen.storyboard; sourceTree = "<group>"; };
		4B1C5EC01CA3A2340011613B /* Info.plist */ = {isa = PBXFileReference; lastKnownFileType = text.plist.xml; path = Info.plist; sourceTree = "<group>"; };
/* End PBXFileReference section */

/* Begin PBXFrameworksBuildPhase section */
		4B1C5EAE1CA3A2340011613B /* Frameworks */ = {
			isa = PBXFrameworksBuildPhase;
			buildActionMask = 2147483647;
			files = (
			);
			runOnlyForDeploymentPostprocessing = 0;
		};
/* End PBXFrameworksBuildPhase section */

/* Begin PBXGroup section */
		4B1C5EA81CA3A2340011613B = {
			isa = PBXGroup;
			children = (
				4B1C5EB31CA3A2340011613B /* git-test */,
				4B1C5EB21CA3A2340011613B /* Products */,
			);
			sourceTree = "<group>";
		};
		4B1C5EB21CA3A2340011613B /* Products */ = {
			isa = PBXGroup;
			children = (
				4B1C5EB11CA3A2340011613B /* git-test.app */,
			);
			name = Products;
			sourceTree = "<group>";
		};
		4B1C5EB31CA3A2340011613B /* git-test */ = {
			isa = PBXGroup;
			children = (
				4B1C5EB41CA3A2340011613B /* AppDelegate.swift */,
				4B1C5EB61CA3A2340011613B /* ViewController.swift */,
				4B1C5EB81CA3A2340011613B /* Main.storyboard */,
				4B1C5EBB1CA3A2340011613B /* Assets.xcassets */,
				4B1C5EBD1CA3A2340011613B /* LaunchScreen.storyboard */,
				4B1C5EC01CA3A2340011613B /* Info.plist */,
			);
			path = "git-test";
			sourceTree = "<group>";
		};
/* End PBXGroup section */

/* Begin PBXNativeTarget section */
		4B1C5EB01CA3A2340011613B /* git-test */ = {
			isa = PBXNativeTarget;
			buildConfigurationList = 4B1C5EC31CA3A2340011613B /* Build configuration list for PBXNativeTarget "git-test" */;
			buildPhases = (
				4B1C5EAD1CA3A2340011613B /* Sources */,
				4B1C5EAE1CA3A2340011613B /* Frameworks */,
				4B1C5EAF1CA3A2340011613B /* Resources */,
			);
			buildRules = (
			);
			dependencies = (
			);
			name = "git-test";
			productName = "git-test";
			productReference = 4B1C5EB11CA3A2340011613B /* git-test.app */;
			productType = "com.apple.product-type.application";
		};
/* End PBXNativeTarget section */

/* Begin PBXProject section */
		4B1C5EA91CA3A2340011613B /* Project object */ = {
			isa = PBXProject;
			attributes = {
				LastSwiftUpdateCheck = 0720;
				LastUpgradeCheck = 0720;
				ORGANIZATIONNAME = Crossroads;
				TargetAttributes = {
					4B1C5EB01CA3A2340011613B = {
						CreatedOnToolsVersion = 7.2.1;
						DevelopmentTeam = 46ZKDLD83Z;
					};
				};
			};
			buildConfigurationList = 4B1C5EAC1CA3A2340011613B /* Build configuration list for PBXProject "git-test" */;
			compatibilityVersion = "Xcode 3.2";
			developmentRegion = English;
			hasScannedForEncodings = 0;
			knownRegions = (
				en,
				Base,
			);
			mainGroup = 4B1C5EA81CA3A2340011613B;
			productRefGroup = 4B1C5EB21CA3A2340011613B /* Products */;
			projectDirPath = "";
			projectRoot = "";
			targets = (
				4B1C5EB01CA3A2340011613B /* git-test */,
			);
		};
/* End PBXProject section */

/* Begin PBXResourcesBuildPhase section */
		4B1C5EAF1CA3A2340011613B /* Resources */ = {
			isa = PBXResourcesBuildPhase;
			buildActionMask = 2147483647;
			files = (
				4B1C5EBF1CA3A2340011613B /* LaunchScreen.storyboard in Resources */,
				4B1C5EBC1CA3A2340011613B /* Assets.xcassets in Resources */,
				4B1C5EBA1CA3A2340011613B /* Main.storyboard in Resources */,
			);
			runOnlyForDeploymentPostprocessing = 0;
		};
/* End PBXResourcesBuildPhase section */

/* Begin PBXSourcesBuildPhase section */
		4B1C5EAD1CA3A2340011613B /* Sources */ = {
			isa = PBXSourcesBuildPhase;
			buildActionMask = 2147483647;
			files = (
				4B1C5EB71CA3A2340011613B /* ViewController.swift in Sources */,
				4B1C5EB51CA3A2340011613B /* AppDelegate.swift in Sources */,
			);
			runOnlyForDeploymentPostprocessing = 0;
		};
/* End PBXSourcesBuildPhase section */

/* Begin PBXVariantGroup section */
		4B1C5EB81CA3A2340011613B /* Main.storyboard */ = {
			isa = PBXVariantGroup;
			children = (
				4B1C5EB91CA3A2340011613B /* Base */,
			);
			name = Main.storyboard;
			sourceTree = "<group>";
		};
		4B1C5EBD1CA3A2340011613B /* LaunchScreen.storyboard */ = {
			isa = PBXVariantGroup;
			children = (
				4B1C5EBE1CA3A2340011613B /* Base */,
			);
			name = LaunchScreen.storyboard;
			sourceTree = "<group>";
		};
/* End PBXVariantGroup section */

/* Begin XCBuildConfiguration section */
		4B1C5EC11CA3A2340011613B /* Debug */ = {
			isa = XCBuildConfiguration;
			buildSettings = {
				ALWAYS_SEARCH_USER_PATHS = NO;
				CLANG_CXX_LANGUAGE_STANDARD = "gnu++0x";
				CLANG_CXX_LIBRARY = "libc++";
				CLANG_ENABLE_MODULES = YES;
				CLANG_ENABLE_OBJC_ARC = YES;
				CLANG_WARN_BOOL_CONVERSION = YES;
				CLANG_WARN_CONSTANT_CONVERSION = YES;
				CLANG_WARN_DIRECT_OBJC_ISA_USAGE = YES_ERROR;
				CLANG_WARN_EMPTY_BODY = YES;
				CLANG_WARN_ENUM_CONVERSION = YES;
				CLANG_WARN_INT_CONVERSION = YES;
				CLANG_WARN_OBJC_ROOT_CLASS = YES_ERROR;
				CLANG_WARN_UNREACHABLE_CODE = YES;
				CLANG_WARN__DUPLICATE_METHOD_MATCH = YES;
				"CODE_SIGN_IDENTITY[sdk=iphoneos*]" = "iPhone Developer";
				COPY_PHASE_STRIP = NO;
				DEBUG_INFORMATION_FORMAT = dwarf;
				ENABLE_STRICT_OBJC_MSGSEND = YES;
				ENABLE_TESTABILITY = YES;
				GCC_C_LANGUAGE_STANDARD = gnu99;
				GCC_DYNAMIC_NO_PIC = NO;
				GCC_NO_COMMON_BLOCKS = YES;
				GCC_OPTIMIZATION_LEVEL = 0;
				GCC_PREPROCESSOR_DEFINITIONS = (
					"DEBUG=1",
					"$(inherited)",
				);
				GCC_WARN_64_TO_32_BIT_CONVERSION = YES;
				GCC_WARN_ABOUT_RETURN_TYPE = YES_ERROR;
				GCC_WARN_UNDECLARED_SELECTOR = YES;
				GCC_WARN_UNINITIALIZED_AUTOS = YES_AGGRESSIVE;
				GCC_WARN_UNUSED_FUNCTION = YES;
				GCC_WARN_UNUSED_VARIABLE = YES;
				IPHONEOS_DEPLOYMENT_TARGET = 9.2;
				MTL_ENABLE_DEBUG_INFO = YES;
				ONLY_ACTIVE_ARCH = YES;
				SDKROOT = iphoneos;
				SWIFT_OPTIMIZATION_LEVEL = "-Onone";
			};
			name = Debug;
		};
		4B1C5EC21CA3A2340011613B /* Release */ = {
			isa = XCBuildConfiguration;
			buildSettings = {
				ALWAYS_SEARCH_USER_PATHS = NO;
				CLANG_CXX_LANGUAGE_STANDARD = "gnu++0x";
				CLANG_CXX_LIBRARY = "libc++";
				CLANG_ENABLE_MODULES = YES;
				CLANG_ENABLE_OBJC_ARC = YES;
				CLANG_WARN_BOOL_CONVERSION = YES;
				CLANG_WARN_CONSTANT_CONVERSION = YES;
				CLANG_WARN_DIRECT_OBJC_ISA_USAGE = YES_ERROR;
				CLANG_WARN_EMPTY_BODY = YES;
				CLANG_WARN_ENUM_CONVERSION = YES;
				CLANG_WARN_INT_CONVERSION = YES;
				CLANG_WARN_OBJC_ROOT_CLASS = YES_ERROR;
				CLANG_WARN_UNREACHABLE_CODE = YES;
				CLANG_WARN__DUPLICATE_METHOD_MATCH = YES;
				"CODE_SIGN_IDENTITY[sdk=iphoneos*]" = "iPhone Developer";
				COPY_PHASE_STRIP = NO;
				DEBUG_INFORMATION_FORMAT = "dwarf-with-dsym";
				ENABLE_NS_ASSERTIONS = NO;
				ENABLE_STRICT_OBJC_MSGSEND = YES;
				GCC_C_LANGUAGE_STANDARD = gnu99;
				GCC_NO_COMMON_BLOCKS = YES;
				GCC_WARN_64_TO_32_BIT_CONVERSION = YES;
				GCC_WARN_ABOUT_RETURN_TYPE = YES_ERROR;
				GCC_WARN_UNDECLARED_SELECTOR = YES;
				GCC_WARN_UNINITIALIZED_AUTOS = YES_AGGRESSIVE;
				GCC_WARN_UNUSED_FUNCTION = YES;
				GCC_WARN_UNUSED_VARIABLE = YES;
				IPHONEOS_DEPLOYMENT_TARGET = 9.2;
				MTL_ENABLE_DEBUG_INFO = NO;
				SDKROOT = iphoneos;
				VALIDATE_PRODUCT = YES;
			};
			name = Release;
		};
		4B1C5EC41CA3A2340011613B /* Debug */ = {
			isa = XCBuildConfiguration;
			buildSettings = {
				ASSETCATALOG_COMPILER_APPICON_NAME = AppIcon;
				INFOPLIST_FILE = "git-test/Info.plist";
				LD_RUNPATH_SEARCH_PATHS = "$(inherited) @executable_path/Frameworks";
				PRODUCT_BUNDLE_IDENTIFIER = "edu.crossroads.git-test";
				PRODUCT_NAME = "$(TARGET_NAME)";
			};
			name = Debug;
		};
		4B1C5EC51CA3A2340011613B /* Release */ = {
			isa = XCBuildConfiguration;
			buildSettings = {
				ASSETCATALOG_COMPILER_APPICON_NAME = AppIcon;
				INFOPLIST_FILE = "git-test/Info.plist";
				LD_RUNPATH_SEARCH_PATHS = "$(inherited) @executable_path/Frameworks";
				PRODUCT_BUNDLE_IDENTIFIER = "edu.crossroads.git-test";
				PRODUCT_NAME = "$(TARGET_NAME)";
			};
			name = Release;
		};
/* End XCBuildConfiguration section */

/* Begin XCConfigurationList section */
		4B1C5EAC1CA3A2340011613B /* Build configuration list for PBXProject "git-test" */ = {
			isa = XCConfigurationList;
			buildConfigurations = (
				4B1C5EC11CA3A2340011613B /* Debug */,
				4B1C5EC21CA3A2340011613B /* Release */,
			);
			defaultConfigurationIsVisible = 0;
			defaultConfigurationName = Release;
		};
		4B1C5EC31CA3A2340011613B /* Build configuration list for PBXNativeTarget "git-test" */ = {
			isa = XCConfigurationList;
			buildConfigurations = (
				4B1C5EC41CA3A2340011613B /* Debug */,
				4B1C5EC51CA3A2340011613B /* Release */,
			);
			defaultConfigurationIsVisible = 0;
		};
/* End XCConfigurationList section */
	};
	rootObject = 4B1C5EA91CA3A2340011613B /* Project object */;
}
